
Microsoft Visual Studio Solution File, Format Version 12.00
# Visual Studio Version 17
VisualStudioVersion = 17.14.36327.8 d17.14
MinimumVisualStudioVersion = 10.0.40219.1
Project("{FAE04EC0-301F-11D3-BF4B-00C04F79EFBC}") = "MonkeMirror", "MonkeMirror\MonkeMirror.csproj", "{DDFA6CC5-DA04-42E6-A748-F0ED182FF4AB}"
EndProject
Global
	GlobalSection(SolutionConfigurationPlatforms) = preSolution
		Debug|Any CPU = Debug|Any CPU
		Release|Any CPU = Release|Any CPU
	EndGlobalSection
	GlobalSection(ProjectConfigurationPlatforms) = postSolution
		{DDFA6CC5-DA04-42E6-A748-F0ED182FF4AB}.Debug|Any CPU.ActiveCfg = Debug|Any CPU
		{DDFA6CC5-DA04-42E6-A748-F0ED182FF4AB}.Debug|Any CPU.Build.0 = Debug|Any CPU
		{DDFA6CC5-DA04-42E6-A748-F0ED182FF4AB}.Release|Any CPU.ActiveCfg = Release|Any CPU
		{DDFA6CC5-DA04-42E6-A748-F0ED182FF4AB}.Release|Any CPU.Build.0 = Release|Any CPU
	EndGlobalSection
	GlobalSection(SolutionProperties) = preSolution
		HideSolutionNode = FALSE
	EndGlobalSection
	GlobalSection(ExtensibilityGlobals) = postSolution
		SolutionGuid = {8E69E030-B70E-437E-957E-B442024764A0}
	EndGlobalSection
EndGlobal
